
Microsoft Visual Studio Solution File, Format Version 12.00
# Visual Studio 15
VisualStudioVersion = 15.0.28307.539
MinimumVisualStudioVersion = 10.0.40219.1
Project("{FAE04EC0-301F-11D3-BF4B-00C04F79EFBC}") = "KnowledgeTrees", "KnowledgeTrees.csproj", "{28A6B3FC-0804-4AB1-A40C-24A7DD53412A}"
EndProject
Project("{FAE04EC0-301F-11D3-BF4B-00C04F79EFBC}") = "TreesUI", "TreesUI.csproj", "{9BAE847C-8FF6-4F11-B349-B9A1AE9EFB41}"
EndProject
Global
	GlobalSection(SolutionConfigurationPlatforms) = preSolution
		Debug|Any CPU = Debug|Any CPU
		Release|Any CPU = Release|Any CPU
	EndGlobalSection
	GlobalSection(ProjectConfigurationPlatforms) = postSolution
		{28A6B3FC-0804-4AB1-A40C-24A7DD53412A}.Debug|Any CPU.ActiveCfg = Debug|Any CPU
		{28A6B3FC-0804-4AB1-A40C-24A7DD53412A}.Debug|Any CPU.Build.0 = Debug|Any CPU
		{28A6B3FC-0804-4AB1-A40C-24A7DD53412A}.Release|Any CPU.ActiveCfg = Release|Any CPU
		{28A6B3FC-0804-4AB1-A40C-24A7DD53412A}.Release|Any CPU.Build.0 = Release|Any CPU
		{9BAE847C-8FF6-4F11-B349-B9A1AE9EFB41}.Debug|Any CPU.ActiveCfg = Debug|Any CPU
		{9BAE847C-8FF6-4F11-B349-B9A1AE9EFB41}.Debug|Any CPU.Build.0 = Debug|Any CPU
		{9BAE847C-8FF6-4F11-B349-B9A1AE9EFB41}.Release|Any CPU.ActiveCfg = Release|Any CPU
		{9BAE847C-8FF6-4F11-B349-B9A1AE9EFB41}.Release|Any CPU.Build.0 = Release|Any CPU
	EndGlobalSection
	GlobalSection(SolutionProperties) = preSolution
		HideSolutionNode = FALSE
	EndGlobalSection
	GlobalSection(ExtensibilityGlobals) = postSolution
		SolutionGuid = {FB684D24-E232-413A-B45E-4E86A694CCF9}
	EndGlobalSection
EndGlobal
